
Microsoft Visual Studio Solution File, Format Version 12.00
# Visual Studio Version 16
VisualStudioVersion = 16.0.32413.511
MinimumVisualStudioVersion = 10.0.40219.1
Project("{FAE04EC0-301F-11D3-BF4B-00C04F79EFBC}") = "GCP.Function.POC", "GCP.Function.POC\GCP.Function.POC.csproj", "{93908916-F623-4E71-B88B-441D9F36C0F1}"
EndProject
Global
	GlobalSection(SolutionConfigurationPlatforms) = preSolution
		Debug|Any CPU = Debug|Any CPU
		Release|Any CPU = Release|Any CPU
	EndGlobalSection
	GlobalSection(ProjectConfigurationPlatforms) = postSolution
		{93908916-F623-4E71-B88B-441D9F36C0F1}.Debug|Any CPU.ActiveCfg = Debug|Any CPU
		{93908916-F623-4E71-B88B-441D9F36C0F1}.Debug|Any CPU.Build.0 = Debug|Any CPU
		{93908916-F623-4E71-B88B-441D9F36C0F1}.Release|Any CPU.ActiveCfg = Release|Any CPU
		{93908916-F623-4E71-B88B-441D9F36C0F1}.Release|Any CPU.Build.0 = Release|Any CPU
	EndGlobalSection
	GlobalSection(SolutionProperties) = preSolution
		HideSolutionNode = FALSE
	EndGlobalSection
	GlobalSection(ExtensibilityGlobals) = postSolution
		SolutionGuid = {2EFE5BBB-6FCE-451E-AF4A-44B09C876D34}
	EndGlobalSection
EndGlobal
